
Microsoft Visual Studio Solution File, Format Version 12.00
# Visual Studio Version 17
VisualStudioVersion = 17.5.002.0
MinimumVisualStudioVersion = 10.0.40219.1
Project("{9A19103F-16F7-4668-BE54-9A1E7A4F7556}") = "ATM-App", "ATM-App.csproj", "{7170B4B8-F00F-4D96-9E01-E509ECCAAD33}"
EndProject
Global
	GlobalSection(SolutionConfigurationPlatforms) = preSolution
		Debug|Any CPU = Debug|Any CPU
		Release|Any CPU = Release|Any CPU
	EndGlobalSection
	GlobalSection(ProjectConfigurationPlatforms) = postSolution
		{7170B4B8-F00F-4D96-9E01-E509ECCAAD33}.Debug|Any CPU.ActiveCfg = Debug|Any CPU
		{7170B4B8-F00F-4D96-9E01-E509ECCAAD33}.Debug|Any CPU.Build.0 = Debug|Any CPU
		{7170B4B8-F00F-4D96-9E01-E509ECCAAD33}.Release|Any CPU.ActiveCfg = Release|Any CPU
		{7170B4B8-F00F-4D96-9E01-E509ECCAAD33}.Release|Any CPU.Build.0 = Release|Any CPU
	EndGlobalSection
	GlobalSection(SolutionProperties) = preSolution
		HideSolutionNode = FALSE
	EndGlobalSection
	GlobalSection(ExtensibilityGlobals) = postSolution
		SolutionGuid = {37467D22-AF7C-4D4F-9976-EE43D57B1968}
	EndGlobalSection
EndGlobal
